{
  "name": "Offer-katanalotis-project-web",
  "lockfileVersion": 3,
  "requires": true,
  "packages": {
    "": {
      "dependencies": {
        "unique-objects": "^1.0.5"
      }
    },
    "node_modules/unique-objects": {
      "version": "1.0.5",
      "resolved": "https://registry.npmjs.org/unique-objects/-/unique-objects-1.0.5.tgz",
      "integrity": "sha512-LzSSM2fsUBQbgD6qspBnKHe3+PjhLy22XMzJtpk4TPZJkwUXU1rQS3cyLnvDU6nXDe2pA8dL2WjT5yG7de1n6Q==",
      "engines": {
        "node": ">=8"
      }
    }
  }
}
